
Microsoft Visual Studio Solution File, Format Version 12.00
# Visual Studio Version 17
VisualStudioVersion = 17.7.34031.279
MinimumVisualStudioVersion = 10.0.40219.1
Project("{FAE04EC0-301F-11D3-BF4B-00C04F79EFBC}") = "GestionEventos.Shared", "..\GestionEventos.Shared\GestionEventos.Shared.csproj", "{79F66A1C-41BC-46F8-B590-49B5BE70773C}"
EndProject
Project("{FAE04EC0-301F-11D3-BF4B-00C04F79EFBC}") = "GestionEventos.API", "..\GestionEventos.API\GestionEventos.API.csproj", "{DCEFE5AD-6BAB-495D-BBD6-C3BF7CDC6ED6}"
EndProject
Project("{FAE04EC0-301F-11D3-BF4B-00C04F79EFBC}") = "GestionEventos.WEB", "GestionEventos.WEB\GestionEventos.WEB.csproj", "{7E2A4D1A-89BD-4831-A379-22D8C6D2717F}"
EndProject
Global
	GlobalSection(SolutionConfigurationPlatforms) = preSolution
		Debug|Any CPU = Debug|Any CPU
		Release|Any CPU = Release|Any CPU
	EndGlobalSection
	GlobalSection(ProjectConfigurationPlatforms) = postSolution
		{79F66A1C-41BC-46F8-B590-49B5BE70773C}.Debug|Any CPU.ActiveCfg = Debug|Any CPU
		{79F66A1C-41BC-46F8-B590-49B5BE70773C}.Debug|Any CPU.Build.0 = Debug|Any CPU
		{79F66A1C-41BC-46F8-B590-49B5BE70773C}.Release|Any CPU.ActiveCfg = Release|Any CPU
		{79F66A1C-41BC-46F8-B590-49B5BE70773C}.Release|Any CPU.Build.0 = Release|Any CPU
		{DCEFE5AD-6BAB-495D-BBD6-C3BF7CDC6ED6}.Debug|Any CPU.ActiveCfg = Debug|Any CPU
		{DCEFE5AD-6BAB-495D-BBD6-C3BF7CDC6ED6}.Debug|Any CPU.Build.0 = Debug|Any CPU
		{DCEFE5AD-6BAB-495D-BBD6-C3BF7CDC6ED6}.Release|Any CPU.ActiveCfg = Release|Any CPU
		{DCEFE5AD-6BAB-495D-BBD6-C3BF7CDC6ED6}.Release|Any CPU.Build.0 = Release|Any CPU
		{7E2A4D1A-89BD-4831-A379-22D8C6D2717F}.Debug|Any CPU.ActiveCfg = Debug|Any CPU
		{7E2A4D1A-89BD-4831-A379-22D8C6D2717F}.Debug|Any CPU.Build.0 = Debug|Any CPU
		{7E2A4D1A-89BD-4831-A379-22D8C6D2717F}.Release|Any CPU.ActiveCfg = Release|Any CPU
		{7E2A4D1A-89BD-4831-A379-22D8C6D2717F}.Release|Any CPU.Build.0 = Release|Any CPU
	EndGlobalSection
	GlobalSection(SolutionProperties) = preSolution
		HideSolutionNode = FALSE
	EndGlobalSection
	GlobalSection(ExtensibilityGlobals) = postSolution
		SolutionGuid = {7FBCD84F-16AB-4283-B8C6-1DC297DEE3F4}
	EndGlobalSection
EndGlobal
